
Microsoft Visual Studio Solution File, Format Version 12.00
# Visual Studio Version 17
VisualStudioVersion = 17.9.34607.119
MinimumVisualStudioVersion = 10.0.40219.1
Project("{FAE04EC0-301F-11D3-BF4B-00C04F79EFBC}") = "timgiatrilonnhattrongmang", "timgiatrilonnhattrongmang\timgiatrilonnhattrongmang.csproj", "{28BDC8B3-E06B-4375-BAED-28E8797569BE}"
EndProject
Global
	GlobalSection(SolutionConfigurationPlatforms) = preSolution
		Debug|Any CPU = Debug|Any CPU
		Release|Any CPU = Release|Any CPU
	EndGlobalSection
	GlobalSection(ProjectConfigurationPlatforms) = postSolution
		{28BDC8B3-E06B-4375-BAED-28E8797569BE}.Debug|Any CPU.ActiveCfg = Debug|Any CPU
		{28BDC8B3-E06B-4375-BAED-28E8797569BE}.Debug|Any CPU.Build.0 = Debug|Any CPU
		{28BDC8B3-E06B-4375-BAED-28E8797569BE}.Release|Any CPU.ActiveCfg = Release|Any CPU
		{28BDC8B3-E06B-4375-BAED-28E8797569BE}.Release|Any CPU.Build.0 = Release|Any CPU
	EndGlobalSection
	GlobalSection(SolutionProperties) = preSolution
		HideSolutionNode = FALSE
	EndGlobalSection
	GlobalSection(ExtensibilityGlobals) = postSolution
		SolutionGuid = {96FA70BF-08D7-4C66-91C8-2360AFDB0027}
	EndGlobalSection
EndGlobal
